{
  "object": {
    "pins": [
      {
        "package": "GHODictionary",
        "repositoryURL": "https://github.com/GlobalRadio/GHODictionary",
        "state": {
          "branch": null,
          "revision": "0429e68bef13ce7f5b5f4aaa124c3f8e3e6a9bd6",
          "version": "1.3.0"
        }
      }
    ]
  },
  "version": 1
}
